
Microsoft Visual Studio Solution File, Format Version 12.00
# Visual Studio 15
VisualStudioVersion = 15.0.28307.329
MinimumVisualStudioVersion = 10.0.40219.1
Project("{FAE04EC0-301F-11D3-BF4B-00C04F79EFBC}") = "TwinCitiesCodeCamp", "TwinCitiesCodeCamp\TwinCitiesCodeCamp.csproj", "{0CD78C75-1238-4D51-AB27-343F11B679B4}"
EndProject
Project("{FAE04EC0-301F-11D3-BF4B-00C04F79EFBC}") = "TwinCitiesCodeCamp.Web", "TwinCitiesCodeCamp.Web\TwinCitiesCodeCamp.Web.csproj", "{B5F3CA5F-BFD7-4968-A315-85F9E208E038}"
EndProject
Global
	GlobalSection(SolutionConfigurationPlatforms) = preSolution
		Debug|Any CPU = Debug|Any CPU
		Release|Any CPU = Release|Any CPU
	EndGlobalSection
	GlobalSection(ProjectConfigurationPlatforms) = postSolution
		{0CD78C75-1238-4D51-AB27-343F11B679B4}.Debug|Any CPU.ActiveCfg = Debug|Any CPU
		{0CD78C75-1238-4D51-AB27-343F11B679B4}.Debug|Any CPU.Build.0 = Debug|Any CPU
		{0CD78C75-1238-4D51-AB27-343F11B679B4}.Release|Any CPU.ActiveCfg = Release|Any CPU
		{0CD78C75-1238-4D51-AB27-343F11B679B4}.Release|Any CPU.Build.0 = Release|Any CPU
		{B5F3CA5F-BFD7-4968-A315-85F9E208E038}.Debug|Any CPU.ActiveCfg = Debug|Any CPU
		{B5F3CA5F-BFD7-4968-A315-85F9E208E038}.Debug|Any CPU.Build.0 = Debug|Any CPU
		{B5F3CA5F-BFD7-4968-A315-85F9E208E038}.Release|Any CPU.ActiveCfg = Release|Any CPU
		{B5F3CA5F-BFD7-4968-A315-85F9E208E038}.Release|Any CPU.Build.0 = Release|Any CPU
	EndGlobalSection
	GlobalSection(SolutionProperties) = preSolution
		HideSolutionNode = FALSE
	EndGlobalSection
	GlobalSection(ExtensibilityGlobals) = postSolution
		SolutionGuid = {F76C23EA-619A-473D-A6DD-4C6809FAA138}
	EndGlobalSection
EndGlobal
